hash: 34c62e5943518b872bbd12434032e04a8f2a2b2271ceb2f79bbe81deea350303
updated: 2018-03-13T15:09:09.945360427Z
imports:
- name: github.com/apex/log
  version: 0296d6eb16bb28f8a0c55668affcf4876dc269be
  subpackages:
  - handlers/cli
- name: github.com/go-resty/resty
  version: 65798e030a35b911602b4d1d743d6f50ac93b665
- name: github.com/pkg/errors
  version: 816c9085562cd7ee03e7f8188a1cfd942858cded
- name: github.com/stretchr/testify
  version: 12b6f73e6084dad08a7c6e575284b177ecafbc71
- name: golang.org/x/net
  version: 803fdb99c0f72e493c28ef2099d250a9c989d8ff
  subpackages:
  - publicsuffix
- name: golang.org/x/text
  version: b7ef84aaf62aa3e70962625c80a571ae7c17cb40
  subpackages:
  - encoding
  - encoding/charmap
  - encoding/internal
  - encoding/internal/identifier
  - transform
testImports: []
